schema: '2.0'
stages:
  train:
    cmd: python pretrained_model_tuner.py
    deps:
    - path: data/hymenoptera_data
      md5: df4902cb6875f8a1bc625414a70732f1.dir
      size: 47404368
      nfiles: 401
    - path: pretrained_model_tuner.py
      md5: a509cdcf9f51df183bc7bc469d1357f0
      size: 7357
    params:
      params.yaml:
        lr: 0.01
        momentum: 0.09
    outs:
    - path: dvclive
      md5: 3a322baa2103627d337621abe8cd4a12.dir
      size: 286
      nfiles: 3
    - path: model.pt
      md5: 7891681697e13f25a7bcfc7f1ca91977
      size: 2963849
